lockfileVersion: '9.0'

settings:
  autoInstallPeers: true
  excludeLinksFromLockfile: false

importers:

  .:
    dependencies:
      simple-cdp:
        specifier: ^1.8.6
        version: 1.8.6
      ws:
        specifier: ^8.18.3
        version: 8.19.0
    devDependencies:
      '@eslint/js':
        specifier: ^9.39.1
        version: 9.39.2

packages:

  '@eslint/js@9.39.2':
    resolution: {integrity: sha512-q1mjIoW1VX4IvSocvM/vbTiveKC4k9eLrajNEuSsmjymSDEbpGddtpfOoN7YGAqBK3NG+uqo8ia4PDTt8buCYA==}
    engines: {node: ^18.18.0 || ^20.9.0 || >=21.1.0}

  simple-cdp@1.8.6:
    resolution: {integrity: sha512-c33zKvBOOIBfdfDCr++N8Dv6kY03wD+cGuu3MEiBJHC4LtHE5aSwjw5E+dOSeuXolS+8MoDzYuWrJdT+IFp8bw==}
    engines: {bun: '>=1.0', deno: '>=1.4'}

  ws@8.19.0:
    resolution: {integrity: sha512-blAT2mjOEIi0ZzruJfIhb3nps74PRWTCz1IjglWEEpQl5XS/UNama6u2/rjFkDDouqr4L67ry+1aGIALViWjDg==}
    engines: {node: '>=10.0.0'}
    peerDependencies:
      bufferutil: ^4.0.1
      utf-8-validate: '>=5.0.2'
    peerDependenciesMeta:
      bufferutil:
        optional: true
      utf-8-validate:
        optional: true

snapshots:

  '@eslint/js@9.39.2': {}

  simple-cdp@1.8.6: {}

  ws@8.19.0: {}
